{
  "version": 4,
  "terraform_version": "1.7.0",
  "serial": 10,
  "lineage": "6fc40291-40be-b1f8-d510-4965536b587f",
  "outputs": {
    "az": {
      "value": "us-east-1b",
      "type": "string"
    },
    "public_ip": {
      "value": "aws_instace.server1.public_ip",
      "type": "string"
    },
    "ssh-command": {
      "value": "ssh -i week7d2.pem ec2-user@34.226.148.40",
      "type": "string"
    }
  },
  "resources": [
    {
      "mode": "managed",
      "type": "aws_ebs_volume",
      "name": "vol1",
      "provider": "provider[\"registry.terraform.io/hashicorp/aws\"]",
      "instances": [
        {
          "schema_version": 0,
          "attributes": {
            "arn": "arn:aws:ec2:us-east-1:455452245698:volume/vol-0125fbc7f233b24ee",
            "availability_zone": "us-east-1b",
            "encrypted": false,
            "final_snapshot": false,
            "id": "vol-0125fbc7f233b24ee",
            "iops": 100,
            "kms_key_id": "",
            "multi_attach_enabled": false,
            "outpost_arn": "",
            "size": 10,
            "snapshot_id": "",
            "tags": {
              "Name": "terraform volume",
              "Team": "Cloud",
              "created-by": "Terraform"
            },
            "tags_all": {
              "Name": "terraform volume",
              "Team": "Cloud",
              "created-by": "Terraform"
            },
            "throughput": 0,
            "timeouts": null,
            "type": "gp2"
          },
          "sensitive_attributes": [],
          "private": "eyJlMmJmYjczMC1lY2FhLTExZTYtOGY4OC0zNDM2M2JjN2M0YzAiOnsiY3JlYXRlIjozMDAwMDAwMDAwMDAsImRlbGV0ZSI6MzAwMDAwMDAwMDAwLCJ1cGRhdGUiOjMwMDAwMDAwMDAwMH19",
          "dependencies": [
            "aws_instance.server1"
          ]
        }
      ]
    },
    {
      "mode": "managed",
      "type": "aws_instance",
      "name": "server1",
      "provider": "provider[\"registry.terraform.io/hashicorp/aws\"]",
      "instances": [
        {
          "schema_version": 1,
          "attributes": {
            "ami": "ami-026b57f3c383c2eec",
            "arn": "arn:aws:ec2:us-east-1:455452245698:instance/i-0c67d0271ec66029f",
            "associate_public_ip_address": true,
            "availability_zone": "us-east-1b",
            "capacity_reservation_specification": [
              {
                "capacity_reservation_preference": "open",
                "capacity_reservation_target": []
              }
            ],
            "cpu_core_count": 1,
            "cpu_options": [
              {
                "amd_sev_snp": "",
                "core_count": 1,
                "threads_per_core": 1
              }
            ],
            "cpu_threads_per_core": 1,
            "credit_specification": [
              {
                "cpu_credits": "standard"
              }
            ],
            "disable_api_stop": false,
            "disable_api_termination": false,
            "ebs_block_device": [],
            "ebs_optimized": false,
            "enclave_options": [
              {
                "enabled": false
              }
            ],
            "ephemeral_block_device": [],
            "get_password_data": false,
            "hibernation": false,
            "host_id": "",
            "host_resource_group_arn": null,
            "iam_instance_profile": "",
            "id": "i-0c67d0271ec66029f",
            "instance_initiated_shutdown_behavior": "stop",
            "instance_lifecycle": "",
            "instance_market_options": [],
            "instance_state": "running",
            "instance_type": "t2.micro",
            "ipv6_address_count": 0,
            "ipv6_addresses": [],
            "key_name": "",
            "launch_template": [],
            "maintenance_options": [
              {
                "auto_recovery": "default"
              }
            ],
            "metadata_options": [
              {
                "http_endpoint": "enabled",
                "http_protocol_ipv6": "disabled",
                "http_put_response_hop_limit": 1,
                "http_tokens": "optional",
                "instance_metadata_tags": "disabled"
              }
            ],
            "monitoring": false,
            "network_interface": [],
            "outpost_arn": "",
            "password_data": "",
            "placement_group": "",
            "placement_partition_number": 0,
            "primary_network_interface_id": "eni-07070d8d87255786f",
            "private_dns": "ip-172-31-81-27.ec2.internal",
            "private_dns_name_options": [
              {
                "enable_resource_name_dns_a_record": false,
                "enable_resource_name_dns_aaaa_record": false,
                "hostname_type": "ip-name"
              }
            ],
            "private_ip": "172.31.81.27",
            "public_dns": "ec2-34-226-148-40.compute-1.amazonaws.com",
            "public_ip": "34.226.148.40",
            "root_block_device": [
              {
                "delete_on_termination": true,
                "device_name": "/dev/xvda",
                "encrypted": false,
                "iops": 100,
                "kms_key_id": "",
                "tags": {},
                "tags_all": {},
                "throughput": 0,
                "volume_id": "vol-07d49641f160dec48",
                "volume_size": 8,
                "volume_type": "gp2"
              }
            ],
            "secondary_private_ips": [],
            "security_groups": [
              "default"
            ],
            "source_dest_check": true,
            "spot_instance_request_id": "",
            "subnet_id": "subnet-0aa5f86efb184907d",
            "tags": {
              "Name": "Terraform server",
              "Team": "DevOps",
              "env": "dev"
            },
            "tags_all": {
              "Name": "Terraform server",
              "Team": "DevOps",
              "env": "dev"
            },
            "tenancy": "default",
            "timeouts": null,
            "user_data": "f6665ec2d8b11b7b8cf26afe93ded6f2d1181825",
            "user_data_base64": null,
            "user_data_replace_on_change": false,
            "volume_tags": null,
            "vpc_security_group_ids": [
              "sg-0f207a8a177b2b2a4"
            ]
          },
          "sensitive_attributes": [],
          "private": "eyJlMmJmYjczMC1lY2FhLTExZTYtOGY4OC0zNDM2M2JjN2M0YzAiOnsiY3JlYXRlIjo2MDAwMDAwMDAwMDAsImRlbGV0ZSI6MTIwMDAwMDAwMDAwMCwicmVhZCI6OTAwMDAwMDAwMDAwLCJ1cGRhdGUiOjYwMDAwMDAwMDAwMH0sInNjaGVtYV92ZXJzaW9uIjoiMSJ9"
        }
      ]
    },
    {
      "mode": "managed",
      "type": "aws_key_pair",
      "name": "ec2_key",
      "provider": "provider[\"registry.terraform.io/hashicorp/aws\"]",
      "instances": [
        {
          "schema_version": 1,
          "attributes": {
            "arn": "arn:aws:ec2:us-east-1:455452245698:key-pair/week7d2",
            "fingerprint": "3a:e6:f1:1b:d9:85:65:9d:36:43:7e:3b:7e:e3:af:da",
            "id": "week7d2",
            "key_name": "week7d2",
            "key_name_prefix": "",
            "key_pair_id": "key-0dd7f8a6790a468cd",
            "key_type": "rsa",
            "public_key": "ssh-rsa AAAAB3NzaC1yc2EAAAADAQABAAABAQC2jS+rIlfp1MxqPiw1EMKtOLZZtIAbTINTn1wD1dKgD7eumXfQPPgoP3i5aQDBSEM6Yevphuz3tZDpll3fzU06E+b7XIwY03ByUvCS5wor4VocnWkrU8UHQzt/Ey010h4N2k7F9beKz1qWln8nbpRVeIplQg8uq006QxWe51dmhJEY2dYvquf/lRz029BuyBq+dYw9QzLJWM5ZvuyBI1EEUMbze0FJmkq61Nhnkb3hVC4+R3zxRg7WEBWcMFQz77OWEDYOJQItTgZtPF8hL+ABtVJ+eN3A3AKCbCUbc0y6YIrYcdk/jRTxWP0M5r/8o/IEH8YnhUpzN/39TXqosq15",
            "tags": {},
            "tags_all": {}
          },
          "sensitive_attributes": [],
          "private": "eyJzY2hlbWFfdmVyc2lvbiI6IjEifQ==",
          "dependencies": [
            "tls_private_key.ec2_key"
          ]
        }
      ]
    },
    {
      "mode": "managed",
      "type": "aws_security_group",
      "name": "sg-demo",
      "provider": "provider[\"registry.terraform.io/hashicorp/aws\"]",
      "instances": [
        {
          "schema_version": 1,
          "attributes": {
            "arn": "arn:aws:ec2:us-east-1:455452245698:security-group/sg-0e866f963d83ef1f9",
            "description": "Allow ssh and httpd",
            "egress": [
              {
                "cidr_blocks": [
                  "0.0.0.0/0"
                ],
                "description": "",
                "from_port": 0,
                "ipv6_cidr_blocks": [],
                "prefix_list_ids": [],
                "protocol": "-1",
                "security_groups": [],
                "self": false,
                "to_port": 0
              }
            ],
            "id": "sg-0e866f963d83ef1f9",
            "ingress": [
              {
                "cidr_blocks": [
                  "0.0.0.0/0"
                ],
                "description": "allow http",
                "from_port": 8080,
                "ipv6_cidr_blocks": [],
                "prefix_list_ids": [],
                "protocol": "tcp",
                "security_groups": [],
                "self": false,
                "to_port": 8080
              },
              {
                "cidr_blocks": [
                  "0.0.0.0/0"
                ],
                "description": "allow http",
                "from_port": 80,
                "ipv6_cidr_blocks": [],
                "prefix_list_ids": [],
                "protocol": "tcp",
                "security_groups": [],
                "self": false,
                "to_port": 80
              },
              {
                "cidr_blocks": [
                  "0.0.0.0/0"
                ],
                "description": "allow ssh",
                "from_port": 22,
                "ipv6_cidr_blocks": [],
                "prefix_list_ids": [],
                "protocol": "tcp",
                "security_groups": [],
                "self": false,
                "to_port": 22
              }
            ],
            "name": "web",
            "name_prefix": "",
            "owner_id": "455452245698",
            "revoke_rules_on_delete": false,
            "tags": {
              "env": "Dev"
            },
            "tags_all": {
              "env": "Dev"
            },
            "timeouts": null,
            "vpc_id": "vpc-0d742317588aaf81c"
          },
          "sensitive_attributes": [],
          "private": "eyJlMmJmYjczMC1lY2FhLTExZTYtOGY4OC0zNDM2M2JjN2M0YzAiOnsiY3JlYXRlIjo2MDAwMDAwMDAwMDAsImRlbGV0ZSI6OTAwMDAwMDAwMDAwfSwic2NoZW1hX3ZlcnNpb24iOiIxIn0="
        }
      ]
    },
    {
      "mode": "managed",
      "type": "aws_volume_attachment",
      "name": "ebs_att",
      "provider": "provider[\"registry.terraform.io/hashicorp/aws\"]",
      "instances": [
        {
          "schema_version": 0,
          "attributes": {
            "device_name": "/dev/sdh",
            "force_detach": null,
            "id": "vai-65207483",
            "instance_id": "i-0c67d0271ec66029f",
            "skip_destroy": null,
            "stop_instance_before_detaching": null,
            "timeouts": null,
            "volume_id": "vol-0125fbc7f233b24ee"
          },
          "sensitive_attributes": [],
          "private": "eyJlMmJmYjczMC1lY2FhLTExZTYtOGY4OC0zNDM2M2JjN2M0YzAiOnsiY3JlYXRlIjozMDAwMDAwMDAwMDAsImRlbGV0ZSI6MzAwMDAwMDAwMDAwfX0=",
          "dependencies": [
            "aws_ebs_volume.vol1",
            "aws_instance.server1"
          ]
        }
      ]
    },
    {
      "mode": "managed",
      "type": "local_file",
      "name": "ssh_key",
      "provider": "provider[\"registry.terraform.io/hashicorp/local\"]",
      "instances": [
        {
          "schema_version": 0,
          "attributes": {
            "content": "-----BEGIN RSA PRIVATE KEY-----\nMIIEpAIBAAKCAQEAto0vqyJX6dTMaj4sNRDCrTi2WbSAG0yDU59cA9XSoA+3rpl3\n0Dz4KD94uWkAwUhDOmHr6Ybs97WQ6ZZd381NOhPm+1yMGNNwclLwkucKK+FaHJ1p\nK1PFB0M7fxMtNdIeDdpOxfW3is9alpZ/J26UVXiKZUIPLqtNOkMVnudXZoSRGNnW\nL6rn/5Uc9NvQbsgavnWMPUMyyVjOWb7sgSNRBFDG83tBSZpKutTYZ5G94VQuPkd8\n8UYO1hAVnDBUM++zlhA2DiUCLU4GbTxfIS/gAbVSfnjdwNwCgmwlG3NMumCK2HHZ\nP40U8Vj9DOa//KPyBB/GJ4VKczf9/U16qLKteQIDAQABAoIBAHmfQOYEgIviYbpa\n57sHCpy7zwme70bAyDIbVwObHrPTJO5nguKy7CZsezMUGROs4FVyTemNIi26wuxN\naQelUVFjVx2awB/+JsmUJoHI+gbYIeA0o4/hRMCc83OrRBC6h5l1G8xZ88nAcjsn\n01ljG+KB57qks1bFfDNX5Hy05o7+nMkHvxa6X+Squ12Dyk7MGT0OyWDfv645WF/c\n6m0x4SJ0ZHQslNN5GSAn3c7uyE2Z6gK6cB2RSCIvEtPaSGuVswizb3IX43ppOjeE\n0uChHR5OmpWY0454iw4OamZ8tcdtPHmbSoISJgg5f/CQ+wyL1CcxTPmBvauu3oe0\nG9A4SJ0CgYEA5jNXrhTChuRTAhObTS2Wz/0tF34oa/kAgL8FM1UjzNhN5wHuOOi+\n7YD4ZcVq4HPkVB0pTOiwGe65+hT4HJYFviJ0P4nadjv3/Ziug2nFmxTLYhVtXfYz\ngOaksvjbxQ1uYBoJDEMBvusXpcSvaW4NmUBdcKWCUnPrbohWXSPSGVMCgYEAywLA\nGXfSvyrxtcx+6iL9SUVO0h/AQM6pfd48u3m0p4q+cPy2yiWv4sehcR81QGfoITWt\nWPm28zNcnxEnaXuyO31c1xBmQhPplM6gVh4T7M5/bM5o0LBTlo3GeEq8Xz+v7qdn\nbBdLL/iG0UxloqOhcQOogxIvxH5QVz/+kfPCaIMCgYEAmpRPhG4cUkhwFSzlVGYQ\np4nzBZuJuTdzxwB+lYHOkHePmFgLh9uCminIo051/lLUOEd8vFBkMIXGDNCX61oy\ncQLh3OjM8ihC1t/4D/au4vyLtkl9L2NsIlq+rg++RAxI2e+hs8IrIfDr6DyzLbDh\nIM+/7yy03nlI1uhmVhT/uFECgYBfGEO56loK+GfO/CK7NHanGtMoNH1PHj9g2Xhj\nbUhFbwV0UbyiBnNUbKTgI3lDWSjwXX98/URIudd6H4PxsmKz4S5bA7CS5Vb2QK/0\nhxRYSgaAhlOs5dvR20mL0Z5Zk7Cqvzn/9Q1gRC+K3RmCzNlz4f3On/dGONETfcOW\nxLNdVwKBgQCUgzRZfSP06MxWofYoZKS2+q79Lwqlik2Dp55kpelYGOyv3zYmJvHS\nP01Z6gyvsyHkaYLZuPoyBjRgU/7hQG+2zrWG/bfEe27Ne+TpwoTZEg/aNr2Ir+f1\nfsRqEU0Mdoy9BzK7goixiCgFzb3YcwSHGqQSf19o5y6Ez8MwaHg8Ig==\n-----END RSA PRIVATE KEY-----\n",
            "content_base64": null,
            "content_base64sha256": "hPCjtA7w054bO94qMIBBzgjVn4pZ2XR5FYc96nUxSnM=",
            "content_base64sha512": "d0CrG9tCoe2LmZPfRA/fehkVyqUvOCsO/LPic1sB0q8x4zFCxeoDogYokBA6lQFtTWZgaB+7nLIDMFI8fcV8yQ==",
            "content_md5": "3c742adb390fc6d1ea226b8a3de24b10",
            "content_sha1": "2f3e8e65dd472cd279c6dea4378b87fd6b8a1423",
            "content_sha256": "84f0a3b40ef0d39e1b3bde2a308041ce08d59f8a59d9747915873dea75314a73",
            "content_sha512": "7740ab1bdb42a1ed8b9993df440fdf7a1915caa52f382b0efcb3e2735b01d2af31e33142c5ea03a2062890103a95016d4d6660681fbb9cb20330523c7dc57cc9",
            "directory_permission": "0777",
            "file_permission": "0777",
            "filename": "week7d2.pem",
            "id": "2f3e8e65dd472cd279c6dea4378b87fd6b8a1423",
            "sensitive_content": null,
            "source": null
          },
          "sensitive_attributes": [
            [
              {
                "type": "get_attr",
                "value": "content"
              }
            ]
          ],
          "dependencies": [
            "tls_private_key.ec2_key"
          ]
        }
      ]
    },
    {
      "mode": "managed",
      "type": "tls_private_key",
      "name": "ec2_key",
      "provider": "provider[\"registry.terraform.io/hashicorp/tls\"]",
      "instances": [
        {
          "schema_version": 1,
          "attributes": {
            "algorithm": "RSA",
            "ecdsa_curve": "P224",
            "id": "36b3228bc38a252e37e1ec6775f2093c89b2ef95",
            "private_key_openssh": "-----BEGIN OPENSSH PRIVATE KEY-----\nb3BlbnNzaC1rZXktdjEAAAAABG5vbmUAAAAEbm9uZQAAAAAAAAABAAABFwAAAAdz\nc2gtcnNhAAAAAwEAAQAAAQEAto0vqyJX6dTMaj4sNRDCrTi2WbSAG0yDU59cA9XS\noA+3rpl30Dz4KD94uWkAwUhDOmHr6Ybs97WQ6ZZd381NOhPm+1yMGNNwclLwkucK\nK+FaHJ1pK1PFB0M7fxMtNdIeDdpOxfW3is9alpZ/J26UVXiKZUIPLqtNOkMVnudX\nZoSRGNnWL6rn/5Uc9NvQbsgavnWMPUMyyVjOWb7sgSNRBFDG83tBSZpKutTYZ5G9\n4VQuPkd88UYO1hAVnDBUM++zlhA2DiUCLU4GbTxfIS/gAbVSfnjdwNwCgmwlG3NM\numCK2HHZP40U8Vj9DOa//KPyBB/GJ4VKczf9/U16qLKteQAAA7i+p9NTvqfTUwAA\nAAdzc2gtcnNhAAABAQC2jS+rIlfp1MxqPiw1EMKtOLZZtIAbTINTn1wD1dKgD7eu\nmXfQPPgoP3i5aQDBSEM6Yevphuz3tZDpll3fzU06E+b7XIwY03ByUvCS5wor4Voc\nnWkrU8UHQzt/Ey010h4N2k7F9beKz1qWln8nbpRVeIplQg8uq006QxWe51dmhJEY\n2dYvquf/lRz029BuyBq+dYw9QzLJWM5ZvuyBI1EEUMbze0FJmkq61Nhnkb3hVC4+\nR3zxRg7WEBWcMFQz77OWEDYOJQItTgZtPF8hL+ABtVJ+eN3A3AKCbCUbc0y6YIrY\ncdk/jRTxWP0M5r/8o/IEH8YnhUpzN/39TXqosq15AAAAAwEAAQAAAQB5n0DmBICL\n4mG6Wue7Bwqcu88Jnu9GwMgyG1cDmx6z0yTuZ4LisuwmbHszFBkTrOBVck3pjSIt\nusLsTWkHpVFRY1cdmsAf/ibJlCaByPoG2CHgNKOP4UTAnPNzq0QQuoeZdRvMWfPJ\nwHI7J9NZYxvigee6pLNWxXwzV+R8tOaO/pzJB78Wul/kqrtdg8pOzBk9Dslg37+u\nOVhf3OptMeEidGR0LJTTeRkgJ93O7shNmeoCunAdkUgiLxLT2khrlbMIs29yF+N6\naTo3hNLgoR0eTpqVmNOOeIsODmpmfLXHbTx5m0qCEiYIOX/wkPsMi9QnMUz5gb2r\nrt6HtBvQOEidAAAAgQCUgzRZfSP06MxWofYoZKS2+q79Lwqlik2Dp55kpelYGOyv\n3zYmJvHSP01Z6gyvsyHkaYLZuPoyBjRgU/7hQG+2zrWG/bfEe27Ne+TpwoTZEg/a\nNr2Ir+f1fsRqEU0Mdoy9BzK7goixiCgFzb3YcwSHGqQSf19o5y6Ez8MwaHg8IgAA\nAIEA5jNXrhTChuRTAhObTS2Wz/0tF34oa/kAgL8FM1UjzNhN5wHuOOi+7YD4ZcVq\n4HPkVB0pTOiwGe65+hT4HJYFviJ0P4nadjv3/Ziug2nFmxTLYhVtXfYzgOaksvjb\nxQ1uYBoJDEMBvusXpcSvaW4NmUBdcKWCUnPrbohWXSPSGVMAAACBAMsCwBl30r8q\n8bXMfuoi/UlFTtIfwEDOqX3ePLt5tKeKvnD8tsolr+LHoXEfNUBn6CE1rVj5tvMz\nXJ8RJ2l7sjt9XNcQZkIT6ZTOoFYeE+zOf2zOaNCwU5aNxnhKvF8/r+6nZ2wXSy/4\nhtFMZaKjoXEDqIMSL8R+UFc//pHzwmiDAAAAAAEC\n-----END OPENSSH PRIVATE KEY-----\n",
            "private_key_pem": "-----BEGIN RSA PRIVATE KEY-----\nMIIEpAIBAAKCAQEAto0vqyJX6dTMaj4sNRDCrTi2WbSAG0yDU59cA9XSoA+3rpl3\n0Dz4KD94uWkAwUhDOmHr6Ybs97WQ6ZZd381NOhPm+1yMGNNwclLwkucKK+FaHJ1p\nK1PFB0M7fxMtNdIeDdpOxfW3is9alpZ/J26UVXiKZUIPLqtNOkMVnudXZoSRGNnW\nL6rn/5Uc9NvQbsgavnWMPUMyyVjOWb7sgSNRBFDG83tBSZpKutTYZ5G94VQuPkd8\n8UYO1hAVnDBUM++zlhA2DiUCLU4GbTxfIS/gAbVSfnjdwNwCgmwlG3NMumCK2HHZ\nP40U8Vj9DOa//KPyBB/GJ4VKczf9/U16qLKteQIDAQABAoIBAHmfQOYEgIviYbpa\n57sHCpy7zwme70bAyDIbVwObHrPTJO5nguKy7CZsezMUGROs4FVyTemNIi26wuxN\naQelUVFjVx2awB/+JsmUJoHI+gbYIeA0o4/hRMCc83OrRBC6h5l1G8xZ88nAcjsn\n01ljG+KB57qks1bFfDNX5Hy05o7+nMkHvxa6X+Squ12Dyk7MGT0OyWDfv645WF/c\n6m0x4SJ0ZHQslNN5GSAn3c7uyE2Z6gK6cB2RSCIvEtPaSGuVswizb3IX43ppOjeE\n0uChHR5OmpWY0454iw4OamZ8tcdtPHmbSoISJgg5f/CQ+wyL1CcxTPmBvauu3oe0\nG9A4SJ0CgYEA5jNXrhTChuRTAhObTS2Wz/0tF34oa/kAgL8FM1UjzNhN5wHuOOi+\n7YD4ZcVq4HPkVB0pTOiwGe65+hT4HJYFviJ0P4nadjv3/Ziug2nFmxTLYhVtXfYz\ngOaksvjbxQ1uYBoJDEMBvusXpcSvaW4NmUBdcKWCUnPrbohWXSPSGVMCgYEAywLA\nGXfSvyrxtcx+6iL9SUVO0h/AQM6pfd48u3m0p4q+cPy2yiWv4sehcR81QGfoITWt\nWPm28zNcnxEnaXuyO31c1xBmQhPplM6gVh4T7M5/bM5o0LBTlo3GeEq8Xz+v7qdn\nbBdLL/iG0UxloqOhcQOogxIvxH5QVz/+kfPCaIMCgYEAmpRPhG4cUkhwFSzlVGYQ\np4nzBZuJuTdzxwB+lYHOkHePmFgLh9uCminIo051/lLUOEd8vFBkMIXGDNCX61oy\ncQLh3OjM8ihC1t/4D/au4vyLtkl9L2NsIlq+rg++RAxI2e+hs8IrIfDr6DyzLbDh\nIM+/7yy03nlI1uhmVhT/uFECgYBfGEO56loK+GfO/CK7NHanGtMoNH1PHj9g2Xhj\nbUhFbwV0UbyiBnNUbKTgI3lDWSjwXX98/URIudd6H4PxsmKz4S5bA7CS5Vb2QK/0\nhxRYSgaAhlOs5dvR20mL0Z5Zk7Cqvzn/9Q1gRC+K3RmCzNlz4f3On/dGONETfcOW\nxLNdVwKBgQCUgzRZfSP06MxWofYoZKS2+q79Lwqlik2Dp55kpelYGOyv3zYmJvHS\nP01Z6gyvsyHkaYLZuPoyBjRgU/7hQG+2zrWG/bfEe27Ne+TpwoTZEg/aNr2Ir+f1\nfsRqEU0Mdoy9BzK7goixiCgFzb3YcwSHGqQSf19o5y6Ez8MwaHg8Ig==\n-----END RSA PRIVATE KEY-----\n",
            "private_key_pem_pkcs8": "-----BEGIN PRIVATE KEY-----\nMIIEvgIBADANBgkqhkiG9w0BAQEFAASCBKgwggSkAgEAAoIBAQC2jS+rIlfp1Mxq\nPiw1EMKtOLZZtIAbTINTn1wD1dKgD7eumXfQPPgoP3i5aQDBSEM6Yevphuz3tZDp\nll3fzU06E+b7XIwY03ByUvCS5wor4VocnWkrU8UHQzt/Ey010h4N2k7F9beKz1qW\nln8nbpRVeIplQg8uq006QxWe51dmhJEY2dYvquf/lRz029BuyBq+dYw9QzLJWM5Z\nvuyBI1EEUMbze0FJmkq61Nhnkb3hVC4+R3zxRg7WEBWcMFQz77OWEDYOJQItTgZt\nPF8hL+ABtVJ+eN3A3AKCbCUbc0y6YIrYcdk/jRTxWP0M5r/8o/IEH8YnhUpzN/39\nTXqosq15AgMBAAECggEAeZ9A5gSAi+JhulrnuwcKnLvPCZ7vRsDIMhtXA5ses9Mk\n7meC4rLsJmx7MxQZE6zgVXJN6Y0iLbrC7E1pB6VRUWNXHZrAH/4myZQmgcj6Btgh\n4DSjj+FEwJzzc6tEELqHmXUbzFnzycByOyfTWWMb4oHnuqSzVsV8M1fkfLTmjv6c\nyQe/Frpf5Kq7XYPKTswZPQ7JYN+/rjlYX9zqbTHhInRkdCyU03kZICfdzu7ITZnq\nArpwHZFIIi8S09pIa5WzCLNvchfjemk6N4TS4KEdHk6alZjTjniLDg5qZny1x208\neZtKghImCDl/8JD7DIvUJzFM+YG9q67eh7Qb0DhInQKBgQDmM1euFMKG5FMCE5tN\nLZbP/S0Xfihr+QCAvwUzVSPM2E3nAe446L7tgPhlxWrgc+RUHSlM6LAZ7rn6FPgc\nlgW+InQ/idp2O/f9mK6DacWbFMtiFW1d9jOA5qSy+NvFDW5gGgkMQwG+6xelxK9p\nbg2ZQF1wpYJSc+tuiFZdI9IZUwKBgQDLAsAZd9K/KvG1zH7qIv1JRU7SH8BAzql9\n3jy7ebSnir5w/LbKJa/ix6FxHzVAZ+ghNa1Y+bbzM1yfESdpe7I7fVzXEGZCE+mU\nzqBWHhPszn9szmjQsFOWjcZ4SrxfP6/up2dsF0sv+IbRTGWio6FxA6iDEi/EflBX\nP/6R88JogwKBgQCalE+EbhxSSHAVLOVUZhCnifMFm4m5N3PHAH6Vgc6Qd4+YWAuH\n24KaKcijTnX+UtQ4R3y8UGQwhcYM0JfrWjJxAuHc6MzyKELW3/gP9q7i/Iu2SX0v\nY2wiWr6uD75EDEjZ76Gzwish8OvoPLMtsOEgz7/vLLTeeUjW6GZWFP+4UQKBgF8Y\nQ7nqWgr4Z878Irs0dqca0yg0fU8eP2DZeGNtSEVvBXRRvKIGc1RspOAjeUNZKPBd\nf3z9REi513ofg/GyYrPhLlsDsJLlVvZAr/SHFFhKBoCGU6zl29HbSYvRnlmTsKq/\nOf/1DWBEL4rdGYLM2XPh/c6f90Y40RN9w5bEs11XAoGBAJSDNFl9I/TozFah9ihk\npLb6rv0vCqWKTYOnnmSl6VgY7K/fNiYm8dI/TVnqDK+zIeRpgtm4+jIGNGBT/uFA\nb7bOtYb9t8R7bs175OnChNkSD9o2vYiv5/V+xGoRTQx2jL0HMruCiLGIKAXNvdhz\nBIcapBJ/X2jnLoTPwzBoeDwi\n-----END PRIVATE KEY-----\n",
            "public_key_fingerprint_md5": "9d:6e:f6:7c:2f:5f:15:8a:cc:f4:09:3e:04:6a:f4:ac",
            "public_key_fingerprint_sha256": "SHA256:xk+7k54P8vigimUf5mvmdoYCzNBRR+QH52IDWrJXic4",
            "public_key_openssh": "ssh-rsa AAAAB3NzaC1yc2EAAAADAQABAAABAQC2jS+rIlfp1MxqPiw1EMKtOLZZtIAbTINTn1wD1dKgD7eumXfQPPgoP3i5aQDBSEM6Yevphuz3tZDpll3fzU06E+b7XIwY03ByUvCS5wor4VocnWkrU8UHQzt/Ey010h4N2k7F9beKz1qWln8nbpRVeIplQg8uq006QxWe51dmhJEY2dYvquf/lRz029BuyBq+dYw9QzLJWM5ZvuyBI1EEUMbze0FJmkq61Nhnkb3hVC4+R3zxRg7WEBWcMFQz77OWEDYOJQItTgZtPF8hL+ABtVJ+eN3A3AKCbCUbc0y6YIrYcdk/jRTxWP0M5r/8o/IEH8YnhUpzN/39TXqosq15\n",
            "public_key_pem": "-----BEGIN PUBLIC KEY-----\nMIIBIjANBgkqhkiG9w0BAQEFAAOCAQ8AMIIBCgKCAQEAto0vqyJX6dTMaj4sNRDC\nrTi2WbSAG0yDU59cA9XSoA+3rpl30Dz4KD94uWkAwUhDOmHr6Ybs97WQ6ZZd381N\nOhPm+1yMGNNwclLwkucKK+FaHJ1pK1PFB0M7fxMtNdIeDdpOxfW3is9alpZ/J26U\nVXiKZUIPLqtNOkMVnudXZoSRGNnWL6rn/5Uc9NvQbsgavnWMPUMyyVjOWb7sgSNR\nBFDG83tBSZpKutTYZ5G94VQuPkd88UYO1hAVnDBUM++zlhA2DiUCLU4GbTxfIS/g\nAbVSfnjdwNwCgmwlG3NMumCK2HHZP40U8Vj9DOa//KPyBB/GJ4VKczf9/U16qLKt\neQIDAQAB\n-----END PUBLIC KEY-----\n",
            "rsa_bits": 2048
          },
          "sensitive_attributes": []
        }
      ]
    }
  ],
  "check_results": null
}
